
Microsoft Visual Studio Solution File, Format Version 12.00
# Visual Studio 15
VisualStudioVersion = 15.0.27703.2026
MinimumVisualStudioVersion = 10.0.40219.1
Project("{FAE04EC0-301F-11D3-BF4B-00C04F79EFBC}") = "ORM", "ORM\ORM.csproj", "{907E66A8-1CAE-4A08-AF71-DE219E678428}"
EndProject
Project("{FAE04EC0-301F-11D3-BF4B-00C04F79EFBC}") = "ConexionDB", "ConexionDB\ConexionDB.csproj", "{9A532C48-FE72-46D6-8566-661E5461AE3C}"
EndProject
Project("{FAE04EC0-301F-11D3-BF4B-00C04F79EFBC}") = "LibORM", "LibORM\LibORM.csproj", "{7FD73543-75F5-4D37-9919-5EF9F5732BC2}"
EndProject
Global
	GlobalSection(SolutionConfigurationPlatforms) = preSolution
		Debug|Any CPU = Debug|Any CPU
		Release|Any CPU = Release|Any CPU
	EndGlobalSection
	GlobalSection(ProjectConfigurationPlatforms) = postSolution
		{907E66A8-1CAE-4A08-AF71-DE219E678428}.Debug|Any CPU.ActiveCfg = Debug|Any CPU
		{907E66A8-1CAE-4A08-AF71-DE219E678428}.Debug|Any CPU.Build.0 = Debug|Any CPU
		{907E66A8-1CAE-4A08-AF71-DE219E678428}.Release|Any CPU.ActiveCfg = Release|Any CPU
		{907E66A8-1CAE-4A08-AF71-DE219E678428}.Release|Any CPU.Build.0 = Release|Any CPU
		{9A532C48-FE72-46D6-8566-661E5461AE3C}.Debug|Any CPU.ActiveCfg = Debug|Any CPU
		{9A532C48-FE72-46D6-8566-661E5461AE3C}.Debug|Any CPU.Build.0 = Debug|Any CPU
		{9A532C48-FE72-46D6-8566-661E5461AE3C}.Release|Any CPU.ActiveCfg = Release|Any CPU
		{9A532C48-FE72-46D6-8566-661E5461AE3C}.Release|Any CPU.Build.0 = Release|Any CPU
		{7FD73543-75F5-4D37-9919-5EF9F5732BC2}.Debug|Any CPU.ActiveCfg = Debug|Any CPU
		{7FD73543-75F5-4D37-9919-5EF9F5732BC2}.Debug|Any CPU.Build.0 = Debug|Any CPU
		{7FD73543-75F5-4D37-9919-5EF9F5732BC2}.Release|Any CPU.ActiveCfg = Release|Any CPU
		{7FD73543-75F5-4D37-9919-5EF9F5732BC2}.Release|Any CPU.Build.0 = Release|Any CPU
	EndGlobalSection
	GlobalSection(SolutionProperties) = preSolution
		HideSolutionNode = FALSE
	EndGlobalSection
	GlobalSection(ExtensibilityGlobals) = postSolution
		SolutionGuid = {67A56011-E311-40CD-B1BC-62E8A77080A1}
	EndGlobalSection
EndGlobal
