
Microsoft Visual Studio Solution File, Format Version 12.00
# Visual Studio 15
VisualStudioVersion = 15.0.28010.2046
MinimumVisualStudioVersion = 10.0.40219.1
Project("{FAE04EC0-301F-11D3-BF4B-00C04F79EFBC}") = "Sistema_UTH", "Sistema_UTH\Sistema_UTH.csproj", "{E19552CA-3EE0-42C4-8BBB-237B812AA662}"
EndProject
Global
	GlobalSection(SolutionConfigurationPlatforms) = preSolution
		Debug|Any CPU = Debug|Any CPU
		Release|Any CPU = Release|Any CPU
	EndGlobalSection
	GlobalSection(ProjectConfigurationPlatforms) = postSolution
		{E19552CA-3EE0-42C4-8BBB-237B812AA662}.Debug|Any CPU.ActiveCfg = Debug|Any CPU
		{E19552CA-3EE0-42C4-8BBB-237B812AA662}.Debug|Any CPU.Build.0 = Debug|Any CPU
		{E19552CA-3EE0-42C4-8BBB-237B812AA662}.Release|Any CPU.ActiveCfg = Release|Any CPU
		{E19552CA-3EE0-42C4-8BBB-237B812AA662}.Release|Any CPU.Build.0 = Release|Any CPU
	EndGlobalSection
	GlobalSection(SolutionProperties) = preSolution
		HideSolutionNode = FALSE
	EndGlobalSection
	GlobalSection(ExtensibilityGlobals) = postSolution
		SolutionGuid = {2A4D3F1D-FB83-486E-B564-E132CA9C7BF0}
	EndGlobalSection
EndGlobal
